
Microsoft Visual Studio Solution File, Format Version 12.00
# Visual Studio Version 17
VisualStudioVersion = 17.10.35027.167
MinimumVisualStudioVersion = 10.0.40219.1
Project("{FAE04EC0-301F-11D3-BF4B-00C04F79EFBC}") = "UpdateWorkerSerivce", "UpdateWorkerSerivce.csproj", "{B426E1E3-FFC6-4B9A-AE62-4264EA04A194}"
EndProject
Global
	GlobalSection(SolutionConfigurationPlatforms) = preSolution
		Debug|Any CPU = Debug|Any CPU
		Release|Any CPU = Release|Any CPU
	EndGlobalSection
	GlobalSection(ProjectConfigurationPlatforms) = postSolution
		{B426E1E3-FFC6-4B9A-AE62-4264EA04A194}.Debug|Any CPU.ActiveCfg = Debug|Any CPU
		{B426E1E3-FFC6-4B9A-AE62-4264EA04A194}.Debug|Any CPU.Build.0 = Debug|Any CPU
		{B426E1E3-FFC6-4B9A-AE62-4264EA04A194}.Release|Any CPU.ActiveCfg = Release|Any CPU
		{B426E1E3-FFC6-4B9A-AE62-4264EA04A194}.Release|Any CPU.Build.0 = Release|Any CPU
	EndGlobalSection
	GlobalSection(SolutionProperties) = preSolution
		HideSolutionNode = FALSE
	EndGlobalSection
	GlobalSection(ExtensibilityGlobals) = postSolution
		SolutionGuid = {980F409C-8EE7-4BF0-9727-B7E15C7479B0}
	EndGlobalSection
EndGlobal
